
Microsoft Visual Studio Solution File, Format Version 12.00
# Visual Studio 15
VisualStudioVersion = 15.0.28010.2019
MinimumVisualStudioVersion = 10.0.40219.1
Project("{FAE04EC0-301F-11D3-BF4B-00C04F79EFBC}") = "Redis.Test", "Redis.Test\Redis.Test.csproj", "{F71E5413-6C23-45E4-A26F-C241002A779B}"
EndProject
Project("{FAE04EC0-301F-11D3-BF4B-00C04F79EFBC}") = "RedisService", "RedisService\RedisService.csproj", "{4EE29625-66EB-4155-B656-1CB2FE14881D}"
EndProject
Global
	GlobalSection(SolutionConfigurationPlatforms) = preSolution
		Debug|Any CPU = Debug|Any CPU
		Release|Any CPU = Release|Any CPU
	EndGlobalSection
	GlobalSection(ProjectConfigurationPlatforms) = postSolution
		{F71E5413-6C23-45E4-A26F-C241002A779B}.Debug|Any CPU.ActiveCfg = Debug|Any CPU
		{F71E5413-6C23-45E4-A26F-C241002A779B}.Debug|Any CPU.Build.0 = Debug|Any CPU
		{F71E5413-6C23-45E4-A26F-C241002A779B}.Release|Any CPU.ActiveCfg = Release|Any CPU
		{F71E5413-6C23-45E4-A26F-C241002A779B}.Release|Any CPU.Build.0 = Release|Any CPU
		{4EE29625-66EB-4155-B656-1CB2FE14881D}.Debug|Any CPU.ActiveCfg = Debug|Any CPU
		{4EE29625-66EB-4155-B656-1CB2FE14881D}.Debug|Any CPU.Build.0 = Debug|Any CPU
		{4EE29625-66EB-4155-B656-1CB2FE14881D}.Release|Any CPU.ActiveCfg = Release|Any CPU
		{4EE29625-66EB-4155-B656-1CB2FE14881D}.Release|Any CPU.Build.0 = Release|Any CPU
	EndGlobalSection
	GlobalSection(SolutionProperties) = preSolution
		HideSolutionNode = FALSE
	EndGlobalSection
	GlobalSection(ExtensibilityGlobals) = postSolution
		SolutionGuid = {05961E04-9950-474D-B3DB-81C893770A2E}
	EndGlobalSection
EndGlobal
